
Microsoft Visual Studio Solution File, Format Version 12.00
# Visual Studio Version 16
VisualStudioVersion = 16.0.31911.196
MinimumVisualStudioVersion = 10.0.40219.1
Project("{FAE04EC0-301F-11D3-BF4B-00C04F79EFBC}") = "SQLite_WindowsForma", "SQLite_WindowsForma\SQLite_WindowsForma.csproj", "{BFB20949-FFC5-4A0B-9A23-42C64DECFBBA}"
EndProject
Global
	GlobalSection(SolutionConfigurationPlatforms) = preSolution
		Debug|Any CPU = Debug|Any CPU
		Release|Any CPU = Release|Any CPU
	EndGlobalSection
	GlobalSection(ProjectConfigurationPlatforms) = postSolution
		{BFB20949-FFC5-4A0B-9A23-42C64DECFBBA}.Debug|Any CPU.ActiveCfg = Debug|Any CPU
		{BFB20949-FFC5-4A0B-9A23-42C64DECFBBA}.Debug|Any CPU.Build.0 = Debug|Any CPU
		{BFB20949-FFC5-4A0B-9A23-42C64DECFBBA}.Release|Any CPU.ActiveCfg = Release|Any CPU
		{BFB20949-FFC5-4A0B-9A23-42C64DECFBBA}.Release|Any CPU.Build.0 = Release|Any CPU
	EndGlobalSection
	GlobalSection(SolutionProperties) = preSolution
		HideSolutionNode = FALSE
	EndGlobalSection
	GlobalSection(ExtensibilityGlobals) = postSolution
		SolutionGuid = {84E591FE-ED52-4D7C-B184-C1DFFAF8B70C}
	EndGlobalSection
EndGlobal
